
Microsoft Visual Studio Solution File, Format Version 12.00
# Visual Studio Version 17
VisualStudioVersion = 17.3.32922.545
MinimumVisualStudioVersion = 10.0.40219.1
Project("{9A19103F-16F7-4668-BE54-9A1E7A4F7556}") = "OrderMicroservice", "src\OrderMicroservice.csproj", "{17063560-B3EB-4A18-906C-985B9F086346}"
EndProject
Project("{FAE04EC0-301F-11D3-BF4B-00C04F79EFBC}") = "tests", "tests\tests.csproj", "{8236B60D-1FED-4283-AF48-587CDAC263E2}"
EndProject
Global
	GlobalSection(SolutionConfigurationPlatforms) = preSolution
		Debug|Any CPU = Debug|Any CPU
		Release|Any CPU = Release|Any CPU
	EndGlobalSection
	GlobalSection(ProjectConfigurationPlatforms) = postSolution
		{17063560-B3EB-4A18-906C-985B9F086346}.Debug|Any CPU.ActiveCfg = Debug|Any CPU
		{17063560-B3EB-4A18-906C-985B9F086346}.Debug|Any CPU.Build.0 = Debug|Any CPU
		{17063560-B3EB-4A18-906C-985B9F086346}.Release|Any CPU.ActiveCfg = Release|Any CPU
		{17063560-B3EB-4A18-906C-985B9F086346}.Release|Any CPU.Build.0 = Release|Any CPU
		{8236B60D-1FED-4283-AF48-587CDAC263E2}.Debug|Any CPU.ActiveCfg = Debug|Any CPU
		{8236B60D-1FED-4283-AF48-587CDAC263E2}.Debug|Any CPU.Build.0 = Debug|Any CPU
		{8236B60D-1FED-4283-AF48-587CDAC263E2}.Release|Any CPU.ActiveCfg = Release|Any CPU
		{8236B60D-1FED-4283-AF48-587CDAC263E2}.Release|Any CPU.Build.0 = Release|Any CPU
	EndGlobalSection
	GlobalSection(SolutionProperties) = preSolution
		HideSolutionNode = FALSE
	EndGlobalSection
	GlobalSection(ExtensibilityGlobals) = postSolution
		SolutionGuid = {62A37234-1ED7-4226-96B4-0EF85DAA220B}
	EndGlobalSection
EndGlobal
